
Microsoft Visual Studio Solution File, Format Version 12.00
# Visual Studio 15
VisualStudioVersion = 15.0.28307.572
MinimumVisualStudioVersion = 10.0.40219.1
Project("{FAE04EC0-301F-11D3-BF4B-00C04F79EFBC}") = "metanit_cycles_exs", "metanit_cycles_exs\metanit_cycles_exs.csproj", "{A9C46902-92BE-4643-849B-0B415EC904F9}"
EndProject
Global
	GlobalSection(SolutionConfigurationPlatforms) = preSolution
		Debug|Any CPU = Debug|Any CPU
		Release|Any CPU = Release|Any CPU
	EndGlobalSection
	GlobalSection(ProjectConfigurationPlatforms) = postSolution
		{A9C46902-92BE-4643-849B-0B415EC904F9}.Debug|Any CPU.ActiveCfg = Debug|Any CPU
		{A9C46902-92BE-4643-849B-0B415EC904F9}.Debug|Any CPU.Build.0 = Debug|Any CPU
		{A9C46902-92BE-4643-849B-0B415EC904F9}.Release|Any CPU.ActiveCfg = Release|Any CPU
		{A9C46902-92BE-4643-849B-0B415EC904F9}.Release|Any CPU.Build.0 = Release|Any CPU
	EndGlobalSection
	GlobalSection(SolutionProperties) = preSolution
		HideSolutionNode = FALSE
	EndGlobalSection
	GlobalSection(ExtensibilityGlobals) = postSolution
		SolutionGuid = {9A5386B4-FF25-42C2-AECB-F17560768878}
	EndGlobalSection
EndGlobal
