
Microsoft Visual Studio Solution File, Format Version 12.00
# Visual Studio Version 16
VisualStudioVersion = 16.0.29230.47
MinimumVisualStudioVersion = 10.0.40219.1
Project("{FAE04EC0-301F-11D3-BF4B-00C04F79EFBC}") = "metaint_OOP_exs", "metaint_OOP_exs\metaint_OOP_exs.csproj", "{FE366232-8DB5-44FC-BEDB-59A8F25AC193}"
EndProject
Global
	GlobalSection(SolutionConfigurationPlatforms) = preSolution
		Debug|Any CPU = Debug|Any CPU
		Release|Any CPU = Release|Any CPU
	EndGlobalSection
	GlobalSection(ProjectConfigurationPlatforms) = postSolution
		{FE366232-8DB5-44FC-BEDB-59A8F25AC193}.Debug|Any CPU.ActiveCfg = Debug|Any CPU
		{FE366232-8DB5-44FC-BEDB-59A8F25AC193}.Debug|Any CPU.Build.0 = Debug|Any CPU
		{FE366232-8DB5-44FC-BEDB-59A8F25AC193}.Release|Any CPU.ActiveCfg = Release|Any CPU
		{FE366232-8DB5-44FC-BEDB-59A8F25AC193}.Release|Any CPU.Build.0 = Release|Any CPU
	EndGlobalSection
	GlobalSection(SolutionProperties) = preSolution
		HideSolutionNode = FALSE
	EndGlobalSection
	GlobalSection(ExtensibilityGlobals) = postSolution
		SolutionGuid = {7E79E2E9-579D-4F9F-96E8-F174CC262888}
	EndGlobalSection
EndGlobal
